
Microsoft Visual Studio Solution File, Format Version 12.00
# Visual Studio 15
Project("{FAE04EC0-301F-11D3-BF4B-00C04F79EFBC}") = "Assembly-CSharp", "Assembly-CSharp.csproj", "{AC7ABD0C-F481-2B90-EBD8-280563219786}"
EndProject
Project("{FAE04EC0-301F-11D3-BF4B-00C04F79EFBC}") = "Assembly-CSharp-Editor", "Assembly-CSharp-Editor.csproj", "{61B9AE4E-5810-12E5-50D7-CC6B61634855}"
EndProject
Global
	GlobalSection(SolutionConfigurationPlatforms) = preSolution
		Debug|Any CPU = Debug|Any CPU
		Release|Any CPU = Release|Any CPU
	EndGlobalSection
	GlobalSection(ProjectConfigurationPlatforms) = postSolution
		{AC7ABD0C-F481-2B90-EBD8-280563219786}.Debug|Any CPU.ActiveCfg = Debug|Any CPU
		{AC7ABD0C-F481-2B90-EBD8-280563219786}.Debug|Any CPU.Build.0 = Debug|Any CPU
		{AC7ABD0C-F481-2B90-EBD8-280563219786}.Release|Any CPU.ActiveCfg = Release|Any CPU
		{AC7ABD0C-F481-2B90-EBD8-280563219786}.Release|Any CPU.Build.0 = Release|Any CPU
		{61B9AE4E-5810-12E5-50D7-CC6B61634855}.Debug|Any CPU.ActiveCfg = Debug|Any CPU
		{61B9AE4E-5810-12E5-50D7-CC6B61634855}.Debug|Any CPU.Build.0 = Debug|Any CPU
		{61B9AE4E-5810-12E5-50D7-CC6B61634855}.Release|Any CPU.ActiveCfg = Release|Any CPU
		{61B9AE4E-5810-12E5-50D7-CC6B61634855}.Release|Any CPU.Build.0 = Release|Any CPU
	EndGlobalSection
	GlobalSection(SolutionProperties) = preSolution
		HideSolutionNode = FALSE
	EndGlobalSection
EndGlobal
